
Microsoft Visual Studio Solution File, Format Version 12.00
# Visual Studio Version 17
VisualStudioVersion = 17.4.33205.214
MinimumVisualStudioVersion = 10.0.40219.1
Project("{888888A0-9F3D-457C-B088-3A5042F75D52}") = "VIHODI IZ GITHUB ZADOLBAL", "VIHODI IZ GITHUB ZADOLBAL.pyproj", "{A7041411-E477-4BAC-9B28-76BB68053939}"
EndProject
Global
	GlobalSection(SolutionConfigurationPlatforms) = preSolution
		Debug|Any CPU = Debug|Any CPU
		Release|Any CPU = Release|Any CPU
	EndGlobalSection
	GlobalSection(ProjectConfigurationPlatforms) = postSolution
		{A7041411-E477-4BAC-9B28-76BB68053939}.Debug|Any CPU.ActiveCfg = Debug|Any CPU
		{A7041411-E477-4BAC-9B28-76BB68053939}.Release|Any CPU.ActiveCfg = Release|Any CPU
	EndGlobalSection
	GlobalSection(SolutionProperties) = preSolution
		HideSolutionNode = FALSE
	EndGlobalSection
	GlobalSection(ExtensibilityGlobals) = postSolution
		SolutionGuid = {F8873312-E81F-41C9-B3B0-82839E67C59F}
	EndGlobalSection
EndGlobal
